<?xml version="1.0" encoding="utf-8"?>
<Project ToolsVersion="17.0" xmlns="http://schemas.microsoft.com/developer/msbuild/2003">
  <ItemGroup>
    <ClCompile Include="D:\OxfordSolver\osqp\lin_sys\direct\qdldl\qdldl_sources\examples\example.c">
      <Filter>Source Files</Filter>
    </ClCompile>
  </ItemGroup>
  <ItemGroup>
    <CustomBuild Include="D:\OxfordSolver\osqp\lin_sys\direct\qdldl\qdldl_sources\CMakeLists.txt" />
  </ItemGroup>
  <ItemGroup>
    <Filter Include="Source Files">
      <UniqueIdentifier>{AFD98B65-EAF3-3A09-905F-1CEF0E2B8C20}</UniqueIdentifier>
    </Filter>
  </ItemGroup>
</Project>
