
Microsoft Visual Studio Solution File, Format Version 12.00
# Visual Studio Version 17
Project("{8BC9CEB8-8B4A-11D0-8D11-00A0C91BC942}") = "ALL_BUILD", "ALL_BUILD.vcxproj", "{48BD2C4E-538E-30B7-B2C8-86DF576B8202}"
	ProjectSection(ProjectDependencies) = postProject
		{E5B3F2BC-E1A2-36EE-B266-E8319EF2915D} = {E5B3F2BC-E1A2-36EE-B266-E8319EF2915D}
		{34646B86-643C-3A41-88A5-14464BA2CB4D} = {34646B86-643C-3A41-88A5-14464BA2CB4D}
		{6E473097-3D0D-3428-8F80-EA6C7FC7B796} = {6E473097-3D0D-3428-8F80-EA6C7FC7B796}
		{40DB8521-48FE-3157-8052-DF3E6E6B953C} = {40DB8521-48FE-3157-8052-DF3E6E6B953C}
		{F6789578-9F56-38DB-BBD9-A26177B74FAC} = {F6789578-9F56-38DB-BBD9-A26177B74FAC}
	EndProjectSection
EndProject
Project("{8BC9CEB8-8B4A-11D0-8D11-00A0C91BC942}") = "INSTALL", "INSTALL.vcxproj", "{1EE5555F-4593-3BC2-8C66-CDC106F0B4C3}"
	ProjectSection(ProjectDependencies) = postProject
		{48BD2C4E-538E-30B7-B2C8-86DF576B8202} = {48BD2C4E-538E-30B7-B2C8-86DF576B8202}
		{E5B3F2BC-E1A2-36EE-B266-E8319EF2915D} = {E5B3F2BC-E1A2-36EE-B266-E8319EF2915D}
	EndProjectSection
EndProject
Project("{8BC9CEB8-8B4A-11D0-8D11-00A0C91BC942}") = "ZERO_CHECK", "..\..\..\..\\ZERO_CHECK.vcxproj", "{E5B3F2BC-E1A2-36EE-B266-E8319EF2915D}"
	ProjectSection(ProjectDependencies) = postProject
	EndProjectSection
EndProject
Project("{8BC9CEB8-8B4A-11D0-8D11-00A0C91BC942}") = "qdldl", "qdldl.vcxproj", "{34646B86-643C-3A41-88A5-14464BA2CB4D}"
	ProjectSection(ProjectDependencies) = postProject
		{E5B3F2BC-E1A2-36EE-B266-E8319EF2915D} = {E5B3F2BC-E1A2-36EE-B266-E8319EF2915D}
	EndProjectSection
EndProject
Project("{8BC9CEB8-8B4A-11D0-8D11-00A0C91BC942}") = "qdldl_example", "qdldl_example.vcxproj", "{6E473097-3D0D-3428-8F80-EA6C7FC7B796}"
	ProjectSection(ProjectDependencies) = postProject
		{E5B3F2BC-E1A2-36EE-B266-E8319EF2915D} = {E5B3F2BC-E1A2-36EE-B266-E8319EF2915D}
		{F6789578-9F56-38DB-BBD9-A26177B74FAC} = {F6789578-9F56-38DB-BBD9-A26177B74FAC}
	EndProjectSection
EndProject
Project("{8BC9CEB8-8B4A-11D0-8D11-00A0C91BC942}") = "qdldlobject", "qdldlobject.vcxproj", "{40DB8521-48FE-3157-8052-DF3E6E6B953C}"
	ProjectSection(ProjectDependencies) = postProject
		{E5B3F2BC-E1A2-36EE-B266-E8319EF2915D} = {E5B3F2BC-E1A2-36EE-B266-E8319EF2915D}
	EndProjectSection
EndProject
Project("{8BC9CEB8-8B4A-11D0-8D11-00A0C91BC942}") = "qdldlstatic", "qdldlstatic.vcxproj", "{F6789578-9F56-38DB-BBD9-A26177B74FAC}"
	ProjectSection(ProjectDependencies) = postProject
		{E5B3F2BC-E1A2-36EE-B266-E8319EF2915D} = {E5B3F2BC-E1A2-36EE-B266-E8319EF2915D}
	EndProjectSection
EndProject
Project("{8BC9CEB8-8B4A-11D0-8D11-00A0C91BC942}") = "uninstall", "uninstall.vcxproj", "{AC72D103-7ADD-3281-81AD-2562F5ABCCB0}"
	ProjectSection(ProjectDependencies) = postProject
		{E5B3F2BC-E1A2-36EE-B266-E8319EF2915D} = {E5B3F2BC-E1A2-36EE-B266-E8319EF2915D}
	EndProjectSection
EndProject
Global
	GlobalSection(SolutionConfigurationPlatforms) = preSolution
		Debug|x64 = Debug|x64
		Release|x64 = Release|x64
		MinSizeRel|x64 = MinSizeRel|x64
		RelWithDebInfo|x64 = RelWithDebInfo|x64
	EndGlobalSection
	GlobalSection(ProjectConfigurationPlatforms) = postSolution
		{48BD2C4E-538E-30B7-B2C8-86DF576B8202}.Debug|x64.ActiveCfg = Debug|x64
		{48BD2C4E-538E-30B7-B2C8-86DF576B8202}.Debug|x64.Build.0 = Debug|x64
		{48BD2C4E-538E-30B7-B2C8-86DF576B8202}.Release|x64.ActiveCfg = Release|x64
		{48BD2C4E-538E-30B7-B2C8-86DF576B8202}.Release|x64.Build.0 = Release|x64
		{48BD2C4E-538E-30B7-B2C8-86DF576B8202}.MinSizeRel|x64.ActiveCfg = MinSizeRel|x64
		{48BD2C4E-538E-30B7-B2C8-86DF576B8202}.MinSizeRel|x64.Build.0 = MinSizeRel|x64
		{48BD2C4E-538E-30B7-B2C8-86DF576B8202}.RelWithDebInfo|x64.ActiveCfg = RelWithDebInfo|x64
		{48BD2C4E-538E-30B7-B2C8-86DF576B8202}.RelWithDebInfo|x64.Build.0 = RelWithDebInfo|x64
		{1EE5555F-4593-3BC2-8C66-CDC106F0B4C3}.Debug|x64.ActiveCfg = Debug|x64
		{1EE5555F-4593-3BC2-8C66-CDC106F0B4C3}.Release|x64.ActiveCfg = Release|x64
		{1EE5555F-4593-3BC2-8C66-CDC106F0B4C3}.MinSizeRel|x64.ActiveCfg = MinSizeRel|x64
		{1EE5555F-4593-3BC2-8C66-CDC106F0B4C3}.RelWithDebInfo|x64.ActiveCfg = RelWithDebInfo|x64
		{E5B3F2BC-E1A2-36EE-B266-E8319EF2915D}.Debug|x64.ActiveCfg = Debug|x64
		{E5B3F2BC-E1A2-36EE-B266-E8319EF2915D}.Debug|x64.Build.0 = Debug|x64
		{E5B3F2BC-E1A2-36EE-B266-E8319EF2915D}.Release|x64.ActiveCfg = Release|x64
		{E5B3F2BC-E1A2-36EE-B266-E8319EF2915D}.Release|x64.Build.0 = Release|x64
		{E5B3F2BC-E1A2-36EE-B266-E8319EF2915D}.MinSizeRel|x64.ActiveCfg = MinSizeRel|x64
		{E5B3F2BC-E1A2-36EE-B266-E8319EF2915D}.MinSizeRel|x64.Build.0 = MinSizeRel|x64
		{E5B3F2BC-E1A2-36EE-B266-E8319EF2915D}.RelWithDebInfo|x64.ActiveCfg = RelWithDebInfo|x64
		{E5B3F2BC-E1A2-36EE-B266-E8319EF2915D}.RelWithDebInfo|x64.Build.0 = RelWithDebInfo|x64
		{34646B86-643C-3A41-88A5-14464BA2CB4D}.Debug|x64.ActiveCfg = Debug|x64
		{34646B86-643C-3A41-88A5-14464BA2CB4D}.Debug|x64.Build.0 = Debug|x64
		{34646B86-643C-3A41-88A5-14464BA2CB4D}.Release|x64.ActiveCfg = Release|x64
		{34646B86-643C-3A41-88A5-14464BA2CB4D}.Release|x64.Build.0 = Release|x64
		{34646B86-643C-3A41-88A5-14464BA2CB4D}.MinSizeRel|x64.ActiveCfg = MinSizeRel|x64
		{34646B86-643C-3A41-88A5-14464BA2CB4D}.MinSizeRel|x64.Build.0 = MinSizeRel|x64
		{34646B86-643C-3A41-88A5-14464BA2CB4D}.RelWithDebInfo|x64.ActiveCfg = RelWithDebInfo|x64
		{34646B86-643C-3A41-88A5-14464BA2CB4D}.RelWithDebInfo|x64.Build.0 = RelWithDebInfo|x64
		{6E473097-3D0D-3428-8F80-EA6C7FC7B796}.Debug|x64.ActiveCfg = Debug|x64
		{6E473097-3D0D-3428-8F80-EA6C7FC7B796}.Debug|x64.Build.0 = Debug|x64
		{6E473097-3D0D-3428-8F80-EA6C7FC7B796}.Release|x64.ActiveCfg = Release|x64
		{6E473097-3D0D-3428-8F80-EA6C7FC7B796}.Release|x64.Build.0 = Release|x64
		{6E473097-3D0D-3428-8F80-EA6C7FC7B796}.MinSizeRel|x64.ActiveCfg = MinSizeRel|x64
		{6E473097-3D0D-3428-8F80-EA6C7FC7B796}.MinSizeRel|x64.Build.0 = MinSizeRel|x64
		{6E473097-3D0D-3428-8F80-EA6C7FC7B796}.RelWithDebInfo|x64.ActiveCfg = RelWithDebInfo|x64
		{6E473097-3D0D-3428-8F80-EA6C7FC7B796}.RelWithDebInfo|x64.Build.0 = RelWithDebInfo|x64
		{40DB8521-48FE-3157-8052-DF3E6E6B953C}.Debug|x64.ActiveCfg = Debug|x64
		{40DB8521-48FE-3157-8052-DF3E6E6B953C}.Debug|x64.Build.0 = Debug|x64
		{40DB8521-48FE-3157-8052-DF3E6E6B953C}.Release|x64.ActiveCfg = Release|x64
		{40DB8521-48FE-3157-8052-DF3E6E6B953C}.Release|x64.Build.0 = Release|x64
		{40DB8521-48FE-3157-8052-DF3E6E6B953C}.MinSizeRel|x64.ActiveCfg = MinSizeRel|x64
		{40DB8521-48FE-3157-8052-DF3E6E6B953C}.MinSizeRel|x64.Build.0 = MinSizeRel|x64
		{40DB8521-48FE-3157-8052-DF3E6E6B953C}.RelWithDebInfo|x64.ActiveCfg = RelWithDebInfo|x64
		{40DB8521-48FE-3157-8052-DF3E6E6B953C}.RelWithDebInfo|x64.Build.0 = RelWithDebInfo|x64
		{F6789578-9F56-38DB-BBD9-A26177B74FAC}.Debug|x64.ActiveCfg = Debug|x64
		{F6789578-9F56-38DB-BBD9-A26177B74FAC}.Debug|x64.Build.0 = Debug|x64
		{F6789578-9F56-38DB-BBD9-A26177B74FAC}.Release|x64.ActiveCfg = Release|x64
		{F6789578-9F56-38DB-BBD9-A26177B74FAC}.Release|x64.Build.0 = Release|x64
		{F6789578-9F56-38DB-BBD9-A26177B74FAC}.MinSizeRel|x64.ActiveCfg = MinSizeRel|x64
		{F6789578-9F56-38DB-BBD9-A26177B74FAC}.MinSizeRel|x64.Build.0 = MinSizeRel|x64
		{F6789578-9F56-38DB-BBD9-A26177B74FAC}.RelWithDebInfo|x64.ActiveCfg = RelWithDebInfo|x64
		{F6789578-9F56-38DB-BBD9-A26177B74FAC}.RelWithDebInfo|x64.Build.0 = RelWithDebInfo|x64
		{AC72D103-7ADD-3281-81AD-2562F5ABCCB0}.Debug|x64.ActiveCfg = Debug|x64
		{AC72D103-7ADD-3281-81AD-2562F5ABCCB0}.Release|x64.ActiveCfg = Release|x64
		{AC72D103-7ADD-3281-81AD-2562F5ABCCB0}.MinSizeRel|x64.ActiveCfg = MinSizeRel|x64
		{AC72D103-7ADD-3281-81AD-2562F5ABCCB0}.RelWithDebInfo|x64.ActiveCfg = RelWithDebInfo|x64
	EndGlobalSection
	GlobalSection(ExtensibilityGlobals) = postSolution
		SolutionGuid = {41A34429-D1EA-3582-8B9A-D66A370A8FD8}
	EndGlobalSection
	GlobalSection(ExtensibilityAddIns) = postSolution
	EndGlobalSection
EndGlobal
